{
  "name": "ajs-test4browser",
  "version": "1.0.0",
  "lockfileVersion": 3,
  "requires": true,
  "packages": {
    "": {
      "name": "ajs-test4browser",
      "version": "1.0.0",
      "license": "ISC",
      "dependencies": {
        "@nikitakamelin/ajs": "^1.0.0"
      }
    },
    "node_modules/@nikitakamelin/ajs": {
      "version": "1.0.0",
      "resolved": "https://npm.pkg.github.com/download/@nikitakamelin/ajs/1.0.0/1428fec4e3f24530ce38b88a73988d1d31c72ef8",
      "integrity": "sha512-Z1mpPkw+9pSFatA8ycc5RlAQ29QGdXNtFoqRHCirMRXxvscVIgpYpjf/eVt/Fwv9NKyU/4nJ3PcW2084xTF43A==",
      "license": "ISC"
    }
  }
}
